
Microsoft Visual Studio Solution File, Format Version 12.00
# Visual Studio Version 16
VisualStudioVersion = 16.0.29215.179
MinimumVisualStudioVersion = 15.0.26124.0
Project("{2150E333-8FDC-42A3-9474-1A3956D46DE8}") = "HtmlSyntaxHighlighterDotNet", "HtmlSyntaxHighlighterDotNet", "{FD10CEE0-5289-4E79-BA21-CC69B4F52D83}"
	ProjectSection(SolutionItems) = preProject
		.gitignore = .gitignore
		Directory.Build.props = Directory.Build.props
		License.txt = License.txt
	EndProjectSection
EndProject
Project("{2150E333-8FDC-42A3-9474-1A3956D46DE8}") = "src", "src", "{E7083064-BA68-4810-BF3D-7739DB62170A}"
EndProject
Project("{2150E333-8FDC-42A3-9474-1A3956D46DE8}") = "samples", "samples", "{28B4479D-E694-4C90-8289-1FA71A8BFFBE}"
	ProjectSection(SolutionItems) = preProject
		samples\Directory.Build.props = samples\Directory.Build.props
	EndProjectSection
EndProject
Project("{9A19103F-16F7-4668-BE54-9A1E7A4F7556}") = "HelloWorld", "samples\HelloWorld\HelloWorld.csproj", "{225DBB62-5D6B-43D2-8409-11372B2718E7}"
EndProject
Project("{9A19103F-16F7-4668-BE54-9A1E7A4F7556}") = "HtmlSyntaxHighlighterDotNet", "src\HtmlSyntaxHighlighterDotNet\HtmlSyntaxHighlighterDotNet.csproj", "{E04FD718-0471-4F6A-AECF-B1D46420956D}"
EndProject
Project("{2150E333-8FDC-42A3-9474-1A3956D46DE8}") = "build", "build", "{7C00D283-07F5-4848-86B9-6A85F51D24C2}"
	ProjectSection(SolutionItems) = preProject
		build\Build.proj = build\Build.proj
		build\GitVersion.targets = build\GitVersion.targets
		build\Project.props = build\Project.props
	EndProjectSection
EndProject
Global
	GlobalSection(SolutionConfigurationPlatforms) = preSolution
		Debug|Any CPU = Debug|Any CPU
		Debug|x64 = Debug|x64
		Debug|x86 = Debug|x86
		Release|Any CPU = Release|Any CPU
		Release|x64 = Release|x64
		Release|x86 = Release|x86
	EndGlobalSection
	GlobalSection(ProjectConfigurationPlatforms) = postSolution
		{225DBB62-5D6B-43D2-8409-11372B2718E7}.Debug|Any CPU.ActiveCfg = Debug|Any CPU
		{225DBB62-5D6B-43D2-8409-11372B2718E7}.Debug|Any CPU.Build.0 = Debug|Any CPU
		{225DBB62-5D6B-43D2-8409-11372B2718E7}.Debug|x64.ActiveCfg = Debug|Any CPU
		{225DBB62-5D6B-43D2-8409-11372B2718E7}.Debug|x64.Build.0 = Debug|Any CPU
		{225DBB62-5D6B-43D2-8409-11372B2718E7}.Debug|x86.ActiveCfg = Debug|Any CPU
		{225DBB62-5D6B-43D2-8409-11372B2718E7}.Debug|x86.Build.0 = Debug|Any CPU
		{225DBB62-5D6B-43D2-8409-11372B2718E7}.Release|Any CPU.ActiveCfg = Release|Any CPU
		{225DBB62-5D6B-43D2-8409-11372B2718E7}.Release|Any CPU.Build.0 = Release|Any CPU
		{225DBB62-5D6B-43D2-8409-11372B2718E7}.Release|x64.ActiveCfg = Release|Any CPU
		{225DBB62-5D6B-43D2-8409-11372B2718E7}.Release|x64.Build.0 = Release|Any CPU
		{225DBB62-5D6B-43D2-8409-11372B2718E7}.Release|x86.ActiveCfg = Release|Any CPU
		{225DBB62-5D6B-43D2-8409-11372B2718E7}.Release|x86.Build.0 = Release|Any CPU
		{E04FD718-0471-4F6A-AECF-B1D46420956D}.Debug|Any CPU.ActiveCfg = Debug|Any CPU
		{E04FD718-0471-4F6A-AECF-B1D46420956D}.Debug|Any CPU.Build.0 = Debug|Any CPU
		{E04FD718-0471-4F6A-AECF-B1D46420956D}.Debug|x64.ActiveCfg = Debug|Any CPU
		{E04FD718-0471-4F6A-AECF-B1D46420956D}.Debug|x64.Build.0 = Debug|Any CPU
		{E04FD718-0471-4F6A-AECF-B1D46420956D}.Debug|x86.ActiveCfg = Debug|Any CPU
		{E04FD718-0471-4F6A-AECF-B1D46420956D}.Debug|x86.Build.0 = Debug|Any CPU
		{E04FD718-0471-4F6A-AECF-B1D46420956D}.Release|Any CPU.ActiveCfg = Release|Any CPU
		{E04FD718-0471-4F6A-AECF-B1D46420956D}.Release|Any CPU.Build.0 = Release|Any CPU
		{E04FD718-0471-4F6A-AECF-B1D46420956D}.Release|x64.ActiveCfg = Release|Any CPU
		{E04FD718-0471-4F6A-AECF-B1D46420956D}.Release|x64.Build.0 = Release|Any CPU
		{E04FD718-0471-4F6A-AECF-B1D46420956D}.Release|x86.ActiveCfg = Release|Any CPU
		{E04FD718-0471-4F6A-AECF-B1D46420956D}.Release|x86.Build.0 = Release|Any CPU
	EndGlobalSection
	GlobalSection(SolutionProperties) = preSolution
		HideSolutionNode = FALSE
	EndGlobalSection
	GlobalSection(NestedProjects) = preSolution
		{E7083064-BA68-4810-BF3D-7739DB62170A} = {FD10CEE0-5289-4E79-BA21-CC69B4F52D83}
		{28B4479D-E694-4C90-8289-1FA71A8BFFBE} = {FD10CEE0-5289-4E79-BA21-CC69B4F52D83}
		{225DBB62-5D6B-43D2-8409-11372B2718E7} = {28B4479D-E694-4C90-8289-1FA71A8BFFBE}
		{E04FD718-0471-4F6A-AECF-B1D46420956D} = {E7083064-BA68-4810-BF3D-7739DB62170A}
		{7C00D283-07F5-4848-86B9-6A85F51D24C2} = {FD10CEE0-5289-4E79-BA21-CC69B4F52D83}
	EndGlobalSection
	GlobalSection(ExtensibilityGlobals) = postSolution
		SolutionGuid = {AF387043-9F89-4948-B594-CB798DD12DDF}
	EndGlobalSection
EndGlobal
